
Microsoft Visual Studio Solution File, Format Version 12.00
# Visual Studio 15
VisualStudioVersion = 15.0.26124.0
MinimumVisualStudioVersion = 15.0.26124.0
Project("{2150E333-8FDC-42A3-9474-1A3956D46DE8}") = "src", "src", "{F737BAF8-A2FC-4164-A943-813459B83550}"
EndProject
Project("{2150E333-8FDC-42A3-9474-1A3956D46DE8}") = "Base", "Base", "{916767BB-B732-459E-BB0F-6A305D9E69D0}"
EndProject
Project("{FAE04EC0-301F-11D3-BF4B-00C04F79EFBC}") = "Base.Ddd", "src\Base\Base.Ddd\Base.Ddd.csproj", "{E34E9F78-CA47-4E54-AB01-D7915D5DF17F}"
EndProject
Project("{2150E333-8FDC-42A3-9474-1A3956D46DE8}") = "Services", "Services", "{431D8474-F63B-4649-8ACA-719B4844BF78}"
EndProject
Project("{2150E333-8FDC-42A3-9474-1A3956D46DE8}") = "Customers", "Customers", "{8D371F42-7021-47C0-AE44-A442A8802651}"
EndProject
Project("{FAE04EC0-301F-11D3-BF4B-00C04F79EFBC}") = "Customers.Domain", "src\Services\Customers\Customer.Domain\Customers.Domain.csproj", "{FB504072-5479-4E21-9892-86C965D373C4}"
EndProject
Project("{FAE04EC0-301F-11D3-BF4B-00C04F79EFBC}") = "Customers.Infrastructure", "src\Services\Customers\Customer.Infrastructure\Customers.Infrastructure.csproj", "{321B64CA-4D51-43CA-9512-6DF817F698F3}"
EndProject
Project("{FAE04EC0-301F-11D3-BF4B-00C04F79EFBC}") = "Customers.UnitTests", "src\Services\Customers\Customer.UnitTests\Customers.UnitTests.csproj", "{628A738A-09A5-400A-99AC-411B4B251BA9}"
EndProject
Project("{2150E333-8FDC-42A3-9474-1A3956D46DE8}") = "Web", "Web", "{EAC106F8-0900-4E49-83D9-B06DB597FAD7}"
EndProject
Project("{FAE04EC0-301F-11D3-BF4B-00C04F79EFBC}") = "Invoicing.TestClient", "src\Web\Invoicing.TestClient\Invoicing.TestClient.csproj", "{CB5B0D9C-E6AB-4FEA-861F-8FEA596DC421}"
EndProject
Project("{2150E333-8FDC-42A3-9474-1A3956D46DE8}") = "Identity", "Identity", "{BE1C60B3-A5FC-4341-9EDE-0CEEAF9D6C21}"
EndProject
Project("{FAE04EC0-301F-11D3-BF4B-00C04F79EFBC}") = "Identity.Service", "src\Services\Identity\Identity.Service\Identity.Service.csproj", "{D376E680-62DE-4CB1-A6E8-BBD54C6DA478}"
EndProject
Project("{FAE04EC0-301F-11D3-BF4B-00C04F79EFBC}") = "Customer.Api", "src\Services\Customers\Customer.Api\Customer.Api.csproj", "{C61AFD29-70C7-459C-804F-C3BB1C69B659}"
EndProject
Project("{FAE04EC0-301F-11D3-BF4B-00C04F79EFBC}") = "Base.Infrastructure", "src\Base\Base.Infrastructure\Base.Infrastructure.csproj", "{486C4FF6-2F36-4D7A-934F-F054D314F209}"
EndProject
Global
	GlobalSection(SolutionConfigurationPlatforms) = preSolution
		Debug|Any CPU = Debug|Any CPU
		Debug|x64 = Debug|x64
		Debug|x86 = Debug|x86
		Release|Any CPU = Release|Any CPU
		Release|x64 = Release|x64
		Release|x86 = Release|x86
	EndGlobalSection
	GlobalSection(SolutionProperties) = preSolution
		HideSolutionNode = FALSE
	EndGlobalSection
	GlobalSection(ProjectConfigurationPlatforms) = postSolution
		{E34E9F78-CA47-4E54-AB01-D7915D5DF17F}.Debug|Any CPU.ActiveCfg = Debug|Any CPU
		{E34E9F78-CA47-4E54-AB01-D7915D5DF17F}.Debug|Any CPU.Build.0 = Debug|Any CPU
		{E34E9F78-CA47-4E54-AB01-D7915D5DF17F}.Debug|x64.ActiveCfg = Debug|Any CPU
		{E34E9F78-CA47-4E54-AB01-D7915D5DF17F}.Debug|x64.Build.0 = Debug|Any CPU
		{E34E9F78-CA47-4E54-AB01-D7915D5DF17F}.Debug|x86.ActiveCfg = Debug|Any CPU
		{E34E9F78-CA47-4E54-AB01-D7915D5DF17F}.Debug|x86.Build.0 = Debug|Any CPU
		{E34E9F78-CA47-4E54-AB01-D7915D5DF17F}.Release|Any CPU.ActiveCfg = Release|Any CPU
		{E34E9F78-CA47-4E54-AB01-D7915D5DF17F}.Release|Any CPU.Build.0 = Release|Any CPU
		{E34E9F78-CA47-4E54-AB01-D7915D5DF17F}.Release|x64.ActiveCfg = Release|Any CPU
		{E34E9F78-CA47-4E54-AB01-D7915D5DF17F}.Release|x64.Build.0 = Release|Any CPU
		{E34E9F78-CA47-4E54-AB01-D7915D5DF17F}.Release|x86.ActiveCfg = Release|Any CPU
		{E34E9F78-CA47-4E54-AB01-D7915D5DF17F}.Release|x86.Build.0 = Release|Any CPU
		{FB504072-5479-4E21-9892-86C965D373C4}.Debug|Any CPU.ActiveCfg = Debug|Any CPU
		{FB504072-5479-4E21-9892-86C965D373C4}.Debug|Any CPU.Build.0 = Debug|Any CPU
		{FB504072-5479-4E21-9892-86C965D373C4}.Debug|x64.ActiveCfg = Debug|Any CPU
		{FB504072-5479-4E21-9892-86C965D373C4}.Debug|x64.Build.0 = Debug|Any CPU
		{FB504072-5479-4E21-9892-86C965D373C4}.Debug|x86.ActiveCfg = Debug|Any CPU
		{FB504072-5479-4E21-9892-86C965D373C4}.Debug|x86.Build.0 = Debug|Any CPU
		{FB504072-5479-4E21-9892-86C965D373C4}.Release|Any CPU.ActiveCfg = Release|Any CPU
		{FB504072-5479-4E21-9892-86C965D373C4}.Release|Any CPU.Build.0 = Release|Any CPU
		{FB504072-5479-4E21-9892-86C965D373C4}.Release|x64.ActiveCfg = Release|Any CPU
		{FB504072-5479-4E21-9892-86C965D373C4}.Release|x64.Build.0 = Release|Any CPU
		{FB504072-5479-4E21-9892-86C965D373C4}.Release|x86.ActiveCfg = Release|Any CPU
		{FB504072-5479-4E21-9892-86C965D373C4}.Release|x86.Build.0 = Release|Any CPU
		{321B64CA-4D51-43CA-9512-6DF817F698F3}.Debug|Any CPU.ActiveCfg = Debug|Any CPU
		{321B64CA-4D51-43CA-9512-6DF817F698F3}.Debug|Any CPU.Build.0 = Debug|Any CPU
		{321B64CA-4D51-43CA-9512-6DF817F698F3}.Debug|x64.ActiveCfg = Debug|Any CPU
		{321B64CA-4D51-43CA-9512-6DF817F698F3}.Debug|x64.Build.0 = Debug|Any CPU
		{321B64CA-4D51-43CA-9512-6DF817F698F3}.Debug|x86.ActiveCfg = Debug|Any CPU
		{321B64CA-4D51-43CA-9512-6DF817F698F3}.Debug|x86.Build.0 = Debug|Any CPU
		{321B64CA-4D51-43CA-9512-6DF817F698F3}.Release|Any CPU.ActiveCfg = Release|Any CPU
		{321B64CA-4D51-43CA-9512-6DF817F698F3}.Release|Any CPU.Build.0 = Release|Any CPU
		{321B64CA-4D51-43CA-9512-6DF817F698F3}.Release|x64.ActiveCfg = Release|Any CPU
		{321B64CA-4D51-43CA-9512-6DF817F698F3}.Release|x64.Build.0 = Release|Any CPU
		{321B64CA-4D51-43CA-9512-6DF817F698F3}.Release|x86.ActiveCfg = Release|Any CPU
		{321B64CA-4D51-43CA-9512-6DF817F698F3}.Release|x86.Build.0 = Release|Any CPU
		{628A738A-09A5-400A-99AC-411B4B251BA9}.Debug|Any CPU.ActiveCfg = Debug|Any CPU
		{628A738A-09A5-400A-99AC-411B4B251BA9}.Debug|Any CPU.Build.0 = Debug|Any CPU
		{628A738A-09A5-400A-99AC-411B4B251BA9}.Debug|x64.ActiveCfg = Debug|Any CPU
		{628A738A-09A5-400A-99AC-411B4B251BA9}.Debug|x64.Build.0 = Debug|Any CPU
		{628A738A-09A5-400A-99AC-411B4B251BA9}.Debug|x86.ActiveCfg = Debug|Any CPU
		{628A738A-09A5-400A-99AC-411B4B251BA9}.Debug|x86.Build.0 = Debug|Any CPU
		{628A738A-09A5-400A-99AC-411B4B251BA9}.Release|Any CPU.ActiveCfg = Release|Any CPU
		{628A738A-09A5-400A-99AC-411B4B251BA9}.Release|Any CPU.Build.0 = Release|Any CPU
		{628A738A-09A5-400A-99AC-411B4B251BA9}.Release|x64.ActiveCfg = Release|Any CPU
		{628A738A-09A5-400A-99AC-411B4B251BA9}.Release|x64.Build.0 = Release|Any CPU
		{628A738A-09A5-400A-99AC-411B4B251BA9}.Release|x86.ActiveCfg = Release|Any CPU
		{628A738A-09A5-400A-99AC-411B4B251BA9}.Release|x86.Build.0 = Release|Any CPU
		{CB5B0D9C-E6AB-4FEA-861F-8FEA596DC421}.Debug|Any CPU.ActiveCfg = Debug|Any CPU
		{CB5B0D9C-E6AB-4FEA-861F-8FEA596DC421}.Debug|Any CPU.Build.0 = Debug|Any CPU
		{CB5B0D9C-E6AB-4FEA-861F-8FEA596DC421}.Debug|x64.ActiveCfg = Debug|Any CPU
		{CB5B0D9C-E6AB-4FEA-861F-8FEA596DC421}.Debug|x64.Build.0 = Debug|Any CPU
		{CB5B0D9C-E6AB-4FEA-861F-8FEA596DC421}.Debug|x86.ActiveCfg = Debug|Any CPU
		{CB5B0D9C-E6AB-4FEA-861F-8FEA596DC421}.Debug|x86.Build.0 = Debug|Any CPU
		{CB5B0D9C-E6AB-4FEA-861F-8FEA596DC421}.Release|Any CPU.ActiveCfg = Release|Any CPU
		{CB5B0D9C-E6AB-4FEA-861F-8FEA596DC421}.Release|Any CPU.Build.0 = Release|Any CPU
		{CB5B0D9C-E6AB-4FEA-861F-8FEA596DC421}.Release|x64.ActiveCfg = Release|Any CPU
		{CB5B0D9C-E6AB-4FEA-861F-8FEA596DC421}.Release|x64.Build.0 = Release|Any CPU
		{CB5B0D9C-E6AB-4FEA-861F-8FEA596DC421}.Release|x86.ActiveCfg = Release|Any CPU
		{CB5B0D9C-E6AB-4FEA-861F-8FEA596DC421}.Release|x86.Build.0 = Release|Any CPU
		{D376E680-62DE-4CB1-A6E8-BBD54C6DA478}.Debug|Any CPU.ActiveCfg = Debug|Any CPU
		{D376E680-62DE-4CB1-A6E8-BBD54C6DA478}.Debug|Any CPU.Build.0 = Debug|Any CPU
		{D376E680-62DE-4CB1-A6E8-BBD54C6DA478}.Debug|x64.ActiveCfg = Debug|Any CPU
		{D376E680-62DE-4CB1-A6E8-BBD54C6DA478}.Debug|x64.Build.0 = Debug|Any CPU
		{D376E680-62DE-4CB1-A6E8-BBD54C6DA478}.Debug|x86.ActiveCfg = Debug|Any CPU
		{D376E680-62DE-4CB1-A6E8-BBD54C6DA478}.Debug|x86.Build.0 = Debug|Any CPU
		{D376E680-62DE-4CB1-A6E8-BBD54C6DA478}.Release|Any CPU.ActiveCfg = Release|Any CPU
		{D376E680-62DE-4CB1-A6E8-BBD54C6DA478}.Release|Any CPU.Build.0 = Release|Any CPU
		{D376E680-62DE-4CB1-A6E8-BBD54C6DA478}.Release|x64.ActiveCfg = Release|Any CPU
		{D376E680-62DE-4CB1-A6E8-BBD54C6DA478}.Release|x64.Build.0 = Release|Any CPU
		{D376E680-62DE-4CB1-A6E8-BBD54C6DA478}.Release|x86.ActiveCfg = Release|Any CPU
		{D376E680-62DE-4CB1-A6E8-BBD54C6DA478}.Release|x86.Build.0 = Release|Any CPU
		{C61AFD29-70C7-459C-804F-C3BB1C69B659}.Debug|Any CPU.ActiveCfg = Debug|Any CPU
		{C61AFD29-70C7-459C-804F-C3BB1C69B659}.Debug|Any CPU.Build.0 = Debug|Any CPU
		{C61AFD29-70C7-459C-804F-C3BB1C69B659}.Debug|x64.ActiveCfg = Debug|Any CPU
		{C61AFD29-70C7-459C-804F-C3BB1C69B659}.Debug|x64.Build.0 = Debug|Any CPU
		{C61AFD29-70C7-459C-804F-C3BB1C69B659}.Debug|x86.ActiveCfg = Debug|Any CPU
		{C61AFD29-70C7-459C-804F-C3BB1C69B659}.Debug|x86.Build.0 = Debug|Any CPU
		{C61AFD29-70C7-459C-804F-C3BB1C69B659}.Release|Any CPU.ActiveCfg = Release|Any CPU
		{C61AFD29-70C7-459C-804F-C3BB1C69B659}.Release|Any CPU.Build.0 = Release|Any CPU
		{C61AFD29-70C7-459C-804F-C3BB1C69B659}.Release|x64.ActiveCfg = Release|Any CPU
		{C61AFD29-70C7-459C-804F-C3BB1C69B659}.Release|x64.Build.0 = Release|Any CPU
		{C61AFD29-70C7-459C-804F-C3BB1C69B659}.Release|x86.ActiveCfg = Release|Any CPU
		{C61AFD29-70C7-459C-804F-C3BB1C69B659}.Release|x86.Build.0 = Release|Any CPU
		{486C4FF6-2F36-4D7A-934F-F054D314F209}.Debug|Any CPU.ActiveCfg = Debug|Any CPU
		{486C4FF6-2F36-4D7A-934F-F054D314F209}.Debug|Any CPU.Build.0 = Debug|Any CPU
		{486C4FF6-2F36-4D7A-934F-F054D314F209}.Debug|x64.ActiveCfg = Debug|Any CPU
		{486C4FF6-2F36-4D7A-934F-F054D314F209}.Debug|x64.Build.0 = Debug|Any CPU
		{486C4FF6-2F36-4D7A-934F-F054D314F209}.Debug|x86.ActiveCfg = Debug|Any CPU
		{486C4FF6-2F36-4D7A-934F-F054D314F209}.Debug|x86.Build.0 = Debug|Any CPU
		{486C4FF6-2F36-4D7A-934F-F054D314F209}.Release|Any CPU.ActiveCfg = Release|Any CPU
		{486C4FF6-2F36-4D7A-934F-F054D314F209}.Release|Any CPU.Build.0 = Release|Any CPU
		{486C4FF6-2F36-4D7A-934F-F054D314F209}.Release|x64.ActiveCfg = Release|Any CPU
		{486C4FF6-2F36-4D7A-934F-F054D314F209}.Release|x64.Build.0 = Release|Any CPU
		{486C4FF6-2F36-4D7A-934F-F054D314F209}.Release|x86.ActiveCfg = Release|Any CPU
		{486C4FF6-2F36-4D7A-934F-F054D314F209}.Release|x86.Build.0 = Release|Any CPU
	EndGlobalSection
	GlobalSection(NestedProjects) = preSolution
		{916767BB-B732-459E-BB0F-6A305D9E69D0} = {F737BAF8-A2FC-4164-A943-813459B83550}
		{E34E9F78-CA47-4E54-AB01-D7915D5DF17F} = {916767BB-B732-459E-BB0F-6A305D9E69D0}
		{431D8474-F63B-4649-8ACA-719B4844BF78} = {F737BAF8-A2FC-4164-A943-813459B83550}
		{8D371F42-7021-47C0-AE44-A442A8802651} = {431D8474-F63B-4649-8ACA-719B4844BF78}
		{FB504072-5479-4E21-9892-86C965D373C4} = {8D371F42-7021-47C0-AE44-A442A8802651}
		{321B64CA-4D51-43CA-9512-6DF817F698F3} = {8D371F42-7021-47C0-AE44-A442A8802651}
		{628A738A-09A5-400A-99AC-411B4B251BA9} = {8D371F42-7021-47C0-AE44-A442A8802651}
		{EAC106F8-0900-4E49-83D9-B06DB597FAD7} = {F737BAF8-A2FC-4164-A943-813459B83550}
		{CB5B0D9C-E6AB-4FEA-861F-8FEA596DC421} = {EAC106F8-0900-4E49-83D9-B06DB597FAD7}
		{BE1C60B3-A5FC-4341-9EDE-0CEEAF9D6C21} = {431D8474-F63B-4649-8ACA-719B4844BF78}
		{D376E680-62DE-4CB1-A6E8-BBD54C6DA478} = {BE1C60B3-A5FC-4341-9EDE-0CEEAF9D6C21}
		{C61AFD29-70C7-459C-804F-C3BB1C69B659} = {8D371F42-7021-47C0-AE44-A442A8802651}
		{486C4FF6-2F36-4D7A-934F-F054D314F209} = {916767BB-B732-459E-BB0F-6A305D9E69D0}
	EndGlobalSection
EndGlobal
